
Microsoft Visual Studio Solution File, Format Version 12.00
# Visual Studio Version 16
VisualStudioVersion = 16.0.29613.14
MinimumVisualStudioVersion = 10.0.40219.1
Project("{2150E333-8FDC-42A3-9474-1A3956D46DE8}") = "Infrastructure", "Infrastructure", "{30B60AD1-8EE1-47F9-9258-D4FBFBE440BA}"
EndProject
Project("{2150E333-8FDC-42A3-9474-1A3956D46DE8}") = "Config", "Config", "{76242564-F8A8-4B23-9F8D-052D29A2670D}"
EndProject
Project("{2150E333-8FDC-42A3-9474-1A3956D46DE8}") = "Model", "Model", "{9771E7F5-0016-45B3-8D7E-C0774DBC3E16}"
EndProject
Project("{2150E333-8FDC-42A3-9474-1A3956D46DE8}") = "Application", "Application", "{F991982F-A72A-415F-8E98-0F88098BA753}"
EndProject
Project("{9A19103F-16F7-4668-BE54-9A1E7A4F7556}") = "Site.Console", "Application\Site.Console\Site.Console.csproj", "{EA190048-D532-41C8-80AB-A608D0921CCA}"
EndProject
Project("{2150E333-8FDC-42A3-9474-1A3956D46DE8}") = "Modules", "Modules", "{11E522BD-537D-4BB2-A944-7F906E431E89}"
EndProject
Project("{2150E333-8FDC-42A3-9474-1A3956D46DE8}") = "Sys", "Sys", "{4DE3C5CC-DDE7-4DD3-963F-F519B4652492}"
EndProject
Project("{2150E333-8FDC-42A3-9474-1A3956D46DE8}") = "Business", "Business", "{5017EB56-6A7E-48F1-BBB3-CC262DAE66E9}"
EndProject
Project("{2150E333-8FDC-42A3-9474-1A3956D46DE8}") = "Libraries", "Libraries", "{A0D2E8F0-8153-415C-AA66-A615538FA989}"
EndProject
Project("{2150E333-8FDC-42A3-9474-1A3956D46DE8}") = "DataAccess", "DataAccess", "{6330D9B4-111D-4B34-9490-E36723A4DCBF}"
EndProject
Project("{2150E333-8FDC-42A3-9474-1A3956D46DE8}") = "Model", "Model", "{C5717B3A-8949-4EA7-A9E1-336EC4464981}"
EndProject
Project("{2150E333-8FDC-42A3-9474-1A3956D46DE8}") = "Service", "Service", "{8DE9690E-B206-443F-B27F-45DE84322500}"
EndProject
Project("{2150E333-8FDC-42A3-9474-1A3956D46DE8}") = "Domain", "Domain", "{75CD6231-BBAA-4F9A-8FFF-645BE80545A3}"
EndProject
Project("{9A19103F-16F7-4668-BE54-9A1E7A4F7556}") = "EZNEW.Domain.Sys", "Modules\Sys\Business\Domain\EZNEW.Domain.Sys\EZNEW.Domain.Sys.csproj", "{12F2F82F-4AD0-4B87-9F2B-489BF9DBB7AC}"
EndProject
Project("{9A19103F-16F7-4668-BE54-9A1E7A4F7556}") = "EZNEW.Repository.Sys", "Modules\Sys\Business\Domain\EZNEW.Repository.Sys\EZNEW.Repository.Sys.csproj", "{4CDE06FE-7928-4B19-9928-5CC24CDD1C90}"
EndProject
Project("{9A19103F-16F7-4668-BE54-9A1E7A4F7556}") = "EZNEW.DataAccess.Sys", "Modules\Sys\DataAccess\EZNEW.DataAccess.Sys\EZNEW.DataAccess.Sys.csproj", "{6E3288EB-9C82-4AB3-AA17-02120C3C5C7E}"
EndProject
Project("{9A19103F-16F7-4668-BE54-9A1E7A4F7556}") = "EZNEW.DataAccessContract.Sys", "Modules\Sys\DataAccess\EZNEW.DataAccessContract.Sys\EZNEW.DataAccessContract.Sys.csproj", "{4895A448-4314-46DD-854F-4732663FF170}"
EndProject
Project("{9A19103F-16F7-4668-BE54-9A1E7A4F7556}") = "EZNEW.DTO.Sys", "Modules\Sys\Model\EZNEW.DTO.Sys\EZNEW.DTO.Sys.csproj", "{0BBF096B-6793-4BB3-96C9-1A4EECE31276}"
EndProject
Project("{9A19103F-16F7-4668-BE54-9A1E7A4F7556}") = "EZNEW.Entity.Sys", "Modules\Sys\Model\EZNEW.Entity.Sys\EZNEW.Entity.Sys.csproj", "{1D9372AD-D6D5-40DE-B741-4DAC06E4C842}"
EndProject
Project("{9A19103F-16F7-4668-BE54-9A1E7A4F7556}") = "EZNEW.ViewModel.Sys", "Modules\Sys\Model\EZNEW.ViewModel.Sys\EZNEW.ViewModel.Sys.csproj", "{04DD67A4-0812-4859-BF0C-07B0EAB8E325}"
EndProject
Project("{9A19103F-16F7-4668-BE54-9A1E7A4F7556}") = "EZNEW.AppService.Sys", "Modules\Sys\Service\EZNEW.AppService.Sys\EZNEW.AppService.Sys.csproj", "{453EA770-6735-43D0-8C7F-203BC1887457}"
EndProject
Project("{9A19103F-16F7-4668-BE54-9A1E7A4F7556}") = "EZNEW.AppServiceContract.Sys", "Modules\Sys\Service\EZNEW.AppServiceContract.Sys\EZNEW.AppServiceContract.Sys.csproj", "{157BB214-89CE-4572-852D-C70BAA0408AE}"
EndProject
Project("{9A19103F-16F7-4668-BE54-9A1E7A4F7556}") = "EZNEW.BusinessContract.Sys", "Modules\Sys\Business\EZNEW.BusinessContract.Sys\EZNEW.BusinessContract.Sys.csproj", "{CD111ED4-D716-4B53-9C5A-23E857E2A307}"
EndProject
Project("{9A19103F-16F7-4668-BE54-9A1E7A4F7556}") = "EZNEW.Business.Sys", "Modules\Sys\Business\EZNEW.Business.Sys\EZNEW.Business.Sys.csproj", "{15C28EA0-F318-4767-8076-CE474CEA0223}"
EndProject
Project("{9A19103F-16F7-4668-BE54-9A1E7A4F7556}") = "EZNEW.ModuleConfig.Sys", "Modules\Sys\Libraries\EZNEW.ModuleConfig.Sys\EZNEW.ModuleConfig.Sys.csproj", "{997917DE-2573-405B-984F-3AA35703DC4C}"
EndProject
Project("{9A19103F-16F7-4668-BE54-9A1E7A4F7556}") = "EZNEW.Module.Sys", "Modules\Sys\Libraries\EZNEW.Module.Sys\EZNEW.Module.Sys.csproj", "{94C1F623-3E31-45A6-80E5-A4A19144CDBC}"
EndProject
Project("{9A19103F-16F7-4668-BE54-9A1E7A4F7556}") = "EZNEW.ViewModel.Common", "Infrastructure\Model\EZNEW.ViewModel.Common\EZNEW.ViewModel.Common.csproj", "{9DAC02D9-6321-471A-84FC-61AFC002200E}"
EndProject
Project("{9A19103F-16F7-4668-BE54-9A1E7A4F7556}") = "EZNEW.CacheDataAccess.Sys", "Modules\Sys\DataAccess\EZNEW.CacheDataAccess.Sys\EZNEW.CacheDataAccess.Sys.csproj", "{FB1FEEBD-9EA5-4E58-8F88-5DBEA7C67325}"
EndProject
Project("{9A19103F-16F7-4668-BE54-9A1E7A4F7556}") = "App.EntityMigration", "Application\App.EntityMigration\App.EntityMigration.csproj", "{396781A8-F9B6-4081-B24E-939C0D88065F}"
EndProject
Project("{9A19103F-16F7-4668-BE54-9A1E7A4F7556}") = "AppConfig.Cache", "Infrastructure\Config\AppConfig.Cache\AppConfig.Cache.csproj", "{4D2FDEC4-8670-464E-AACA-354C1614993A}"
EndProject
Project("{9A19103F-16F7-4668-BE54-9A1E7A4F7556}") = "AppConfig.Database", "Infrastructure\Config\AppConfig.Database\AppConfig.Database.csproj", "{43995BC8-6620-4706-A760-787EB353700E}"
EndProject
Project("{9A19103F-16F7-4668-BE54-9A1E7A4F7556}") = "AppConfig.IoC", "Infrastructure\Config\AppConfig.IoC\AppConfig.IoC.csproj", "{C7316DF8-B3A6-415A-8011-B17A8A2D4D68}"
EndProject
Project("{9A19103F-16F7-4668-BE54-9A1E7A4F7556}") = "App.CodeBuilder", "Application\App.CodeBuilder\App.CodeBuilder.csproj", "{52BDAB72-27FA-4948-8CD6-587F83FCE26D}"
EndProject
Project("{2150E333-8FDC-42A3-9474-1A3956D46DE8}") = "Goods", "Goods", "{D16C557B-51C6-46EA-9105-8E58B5D29F74}"
EndProject
Project("{2150E333-8FDC-42A3-9474-1A3956D46DE8}") = "Libraries", "Libraries", "{F151EBE7-BF08-44C9-B787-52FB860EF958}"
EndProject
Project("{FAE04EC0-301F-11D3-BF4B-00C04F79EFBC}") = "EZNEW.Module.Goods", "Modules\Goods\Libraries\EZNEW.Module.Goods\EZNEW.Module.Goods.csproj", "{A6314DC6-85E1-43EB-81EE-5F223F0568C5}"
EndProject
Project("{2150E333-8FDC-42A3-9474-1A3956D46DE8}") = "Model", "Model", "{766DDBC3-9C50-41DA-B2FE-E6CF0EE41E1C}"
EndProject
Project("{FAE04EC0-301F-11D3-BF4B-00C04F79EFBC}") = "EZNEW.Entity.Goods", "Modules\Goods\Model\EZNEW.Entity.Goods\EZNEW.Entity.Goods.csproj", "{6D44E4A5-5D87-49EC-B0C3-D0DFF82DDEFC}"
EndProject
Project("{2150E333-8FDC-42A3-9474-1A3956D46DE8}") = "DataAccess", "DataAccess", "{5A88886E-06D6-4C84-BD8E-3937620AEC2B}"
EndProject
Project("{FAE04EC0-301F-11D3-BF4B-00C04F79EFBC}") = "EZNEW.DataAccessContract.Goods", "Modules\Goods\DataAccess\EZNEW.DataAccessContract.Goods\EZNEW.DataAccessContract.Goods.csproj", "{8AF9F5A2-8789-4EC3-9930-A78CDD4A8E04}"
EndProject
Project("{FAE04EC0-301F-11D3-BF4B-00C04F79EFBC}") = "EZNEW.DataAccess.Goods", "Modules\Goods\DataAccess\EZNEW.DataAccess.Goods\EZNEW.DataAccess.Goods.csproj", "{D8321F2D-6DCE-4968-9817-8B2C62852210}"
EndProject
Project("{2150E333-8FDC-42A3-9474-1A3956D46DE8}") = "Business", "Business", "{11597623-E912-470E-904A-6B27A3157875}"
EndProject
Project("{2150E333-8FDC-42A3-9474-1A3956D46DE8}") = "Domain", "Domain", "{6AB3E125-AB99-4A6A-9F2F-8B8F8E993570}"
EndProject
Project("{FAE04EC0-301F-11D3-BF4B-00C04F79EFBC}") = "EZNEW.Domain.Goods", "Modules\Goods\Business\Domain\EZNEW.Domain.Goods\EZNEW.Domain.Goods.csproj", "{08948AB2-FB3E-4592-B739-40EE760ED04A}"
EndProject
Project("{FAE04EC0-301F-11D3-BF4B-00C04F79EFBC}") = "EZNEW.Repository.Goods", "Modules\Goods\Business\Domain\EZNEW.Repository.Goods\EZNEW.Repository.Goods.csproj", "{3F0A7B4A-4754-42ED-B8C7-E06DF23EE429}"
EndProject
Project("{FAE04EC0-301F-11D3-BF4B-00C04F79EFBC}") = "EZNEW.DTO.Goods", "Modules\Goods\Model\EZNEW.DTO.Goods\EZNEW.DTO.Goods.csproj", "{2A570396-9846-4C20-8769-6CA6FB1B6945}"
EndProject
Project("{FAE04EC0-301F-11D3-BF4B-00C04F79EFBC}") = "EZNEW.ViewModel.Goods", "Modules\Goods\Model\EZNEW.ViewModel.Goods\EZNEW.ViewModel.Goods.csproj", "{8682644F-0B57-4B34-9C3D-6C6B6B1A8706}"
EndProject
Project("{FAE04EC0-301F-11D3-BF4B-00C04F79EFBC}") = "EZNEW.BusinessContract.Goods", "Modules\Goods\Business\EZNEW.BusinessContract.Goods\EZNEW.BusinessContract.Goods.csproj", "{D8A88FF8-4B71-4213-A387-35D08D591C03}"
EndProject
Project("{FAE04EC0-301F-11D3-BF4B-00C04F79EFBC}") = "EZNEW.Business.Goods", "Modules\Goods\Business\EZNEW.Business.Goods\EZNEW.Business.Goods.csproj", "{190DE304-1018-40AD-8F9C-5CFDECE18290}"
EndProject
Project("{2150E333-8FDC-42A3-9474-1A3956D46DE8}") = "Service", "Service", "{C8E1F0D2-D5FB-4A0E-920A-93BC6389986F}"
EndProject
Project("{FAE04EC0-301F-11D3-BF4B-00C04F79EFBC}") = "EZNEW.AppServiceContract.Goods", "Modules\Goods\Service\EZNEW.AppServiceContract.Goods\EZNEW.AppServiceContract.Goods.csproj", "{882A5AB4-FAC6-4B4C-9B36-B56E35633947}"
EndProject
Project("{FAE04EC0-301F-11D3-BF4B-00C04F79EFBC}") = "EZNEW.AppService.Goods", "Modules\Goods\Service\EZNEW.AppService.Goods\EZNEW.AppService.Goods.csproj", "{F69F03C1-D7BE-4C69-8CCD-969D8238D5F1}"
EndProject
Project("{FAE04EC0-301F-11D3-BF4B-00C04F79EFBC}") = "EZNEW.ModuleConfig.Goods", "Modules\Goods\Libraries\EZNEW.ModuleConfig.Goods\EZNEW.ModuleConfig.Goods.csproj", "{EDECDED4-94BC-4FD1-9AA5-A5988FDA1ED3}"
EndProject
Global
	GlobalSection(SolutionConfigurationPlatforms) = preSolution
		Debug|Any CPU = Debug|Any CPU
		Release|Any CPU = Release|Any CPU
	EndGlobalSection
	GlobalSection(ProjectConfigurationPlatforms) = postSolution
		{EA190048-D532-41C8-80AB-A608D0921CCA}.Debug|Any CPU.ActiveCfg = Debug|Any CPU
		{EA190048-D532-41C8-80AB-A608D0921CCA}.Debug|Any CPU.Build.0 = Debug|Any CPU
		{EA190048-D532-41C8-80AB-A608D0921CCA}.Release|Any CPU.ActiveCfg = Release|Any CPU
		{EA190048-D532-41C8-80AB-A608D0921CCA}.Release|Any CPU.Build.0 = Release|Any CPU
		{12F2F82F-4AD0-4B87-9F2B-489BF9DBB7AC}.Debug|Any CPU.ActiveCfg = Debug|Any CPU
		{12F2F82F-4AD0-4B87-9F2B-489BF9DBB7AC}.Debug|Any CPU.Build.0 = Debug|Any CPU
		{12F2F82F-4AD0-4B87-9F2B-489BF9DBB7AC}.Release|Any CPU.ActiveCfg = Release|Any CPU
		{12F2F82F-4AD0-4B87-9F2B-489BF9DBB7AC}.Release|Any CPU.Build.0 = Release|Any CPU
		{4CDE06FE-7928-4B19-9928-5CC24CDD1C90}.Debug|Any CPU.ActiveCfg = Debug|Any CPU
		{4CDE06FE-7928-4B19-9928-5CC24CDD1C90}.Debug|Any CPU.Build.0 = Debug|Any CPU
		{4CDE06FE-7928-4B19-9928-5CC24CDD1C90}.Release|Any CPU.ActiveCfg = Release|Any CPU
		{4CDE06FE-7928-4B19-9928-5CC24CDD1C90}.Release|Any CPU.Build.0 = Release|Any CPU
		{6E3288EB-9C82-4AB3-AA17-02120C3C5C7E}.Debug|Any CPU.ActiveCfg = Debug|Any CPU
		{6E3288EB-9C82-4AB3-AA17-02120C3C5C7E}.Debug|Any CPU.Build.0 = Debug|Any CPU
		{6E3288EB-9C82-4AB3-AA17-02120C3C5C7E}.Release|Any CPU.ActiveCfg = Release|Any CPU
		{6E3288EB-9C82-4AB3-AA17-02120C3C5C7E}.Release|Any CPU.Build.0 = Release|Any CPU
		{4895A448-4314-46DD-854F-4732663FF170}.Debug|Any CPU.ActiveCfg = Debug|Any CPU
		{4895A448-4314-46DD-854F-4732663FF170}.Debug|Any CPU.Build.0 = Debug|Any CPU
		{4895A448-4314-46DD-854F-4732663FF170}.Release|Any CPU.ActiveCfg = Release|Any CPU
		{4895A448-4314-46DD-854F-4732663FF170}.Release|Any CPU.Build.0 = Release|Any CPU
		{0BBF096B-6793-4BB3-96C9-1A4EECE31276}.Debug|Any CPU.ActiveCfg = Debug|Any CPU
		{0BBF096B-6793-4BB3-96C9-1A4EECE31276}.Debug|Any CPU.Build.0 = Debug|Any CPU
		{0BBF096B-6793-4BB3-96C9-1A4EECE31276}.Release|Any CPU.ActiveCfg = Release|Any CPU
		{0BBF096B-6793-4BB3-96C9-1A4EECE31276}.Release|Any CPU.Build.0 = Release|Any CPU
		{1D9372AD-D6D5-40DE-B741-4DAC06E4C842}.Debug|Any CPU.ActiveCfg = Debug|Any CPU
		{1D9372AD-D6D5-40DE-B741-4DAC06E4C842}.Debug|Any CPU.Build.0 = Debug|Any CPU
		{1D9372AD-D6D5-40DE-B741-4DAC06E4C842}.Release|Any CPU.ActiveCfg = Release|Any CPU
		{1D9372AD-D6D5-40DE-B741-4DAC06E4C842}.Release|Any CPU.Build.0 = Release|Any CPU
		{04DD67A4-0812-4859-BF0C-07B0EAB8E325}.Debug|Any CPU.ActiveCfg = Debug|Any CPU
		{04DD67A4-0812-4859-BF0C-07B0EAB8E325}.Debug|Any CPU.Build.0 = Debug|Any CPU
		{04DD67A4-0812-4859-BF0C-07B0EAB8E325}.Release|Any CPU.ActiveCfg = Release|Any CPU
		{04DD67A4-0812-4859-BF0C-07B0EAB8E325}.Release|Any CPU.Build.0 = Release|Any CPU
		{453EA770-6735-43D0-8C7F-203BC1887457}.Debug|Any CPU.ActiveCfg = Debug|Any CPU
		{453EA770-6735-43D0-8C7F-203BC1887457}.Debug|Any CPU.Build.0 = Debug|Any CPU
		{453EA770-6735-43D0-8C7F-203BC1887457}.Release|Any CPU.ActiveCfg = Release|Any CPU
		{453EA770-6735-43D0-8C7F-203BC1887457}.Release|Any CPU.Build.0 = Release|Any CPU
		{157BB214-89CE-4572-852D-C70BAA0408AE}.Debug|Any CPU.ActiveCfg = Debug|Any CPU
		{157BB214-89CE-4572-852D-C70BAA0408AE}.Debug|Any CPU.Build.0 = Debug|Any CPU
		{157BB214-89CE-4572-852D-C70BAA0408AE}.Release|Any CPU.ActiveCfg = Release|Any CPU
		{157BB214-89CE-4572-852D-C70BAA0408AE}.Release|Any CPU.Build.0 = Release|Any CPU
		{CD111ED4-D716-4B53-9C5A-23E857E2A307}.Debug|Any CPU.ActiveCfg = Debug|Any CPU
		{CD111ED4-D716-4B53-9C5A-23E857E2A307}.Debug|Any CPU.Build.0 = Debug|Any CPU
		{CD111ED4-D716-4B53-9C5A-23E857E2A307}.Release|Any CPU.ActiveCfg = Release|Any CPU
		{CD111ED4-D716-4B53-9C5A-23E857E2A307}.Release|Any CPU.Build.0 = Release|Any CPU
		{15C28EA0-F318-4767-8076-CE474CEA0223}.Debug|Any CPU.ActiveCfg = Debug|Any CPU
		{15C28EA0-F318-4767-8076-CE474CEA0223}.Debug|Any CPU.Build.0 = Debug|Any CPU
		{15C28EA0-F318-4767-8076-CE474CEA0223}.Release|Any CPU.ActiveCfg = Release|Any CPU
		{15C28EA0-F318-4767-8076-CE474CEA0223}.Release|Any CPU.Build.0 = Release|Any CPU
		{997917DE-2573-405B-984F-3AA35703DC4C}.Debug|Any CPU.ActiveCfg = Debug|Any CPU
		{997917DE-2573-405B-984F-3AA35703DC4C}.Debug|Any CPU.Build.0 = Debug|Any CPU
		{997917DE-2573-405B-984F-3AA35703DC4C}.Release|Any CPU.ActiveCfg = Release|Any CPU
		{997917DE-2573-405B-984F-3AA35703DC4C}.Release|Any CPU.Build.0 = Release|Any CPU
		{94C1F623-3E31-45A6-80E5-A4A19144CDBC}.Debug|Any CPU.ActiveCfg = Debug|Any CPU
		{94C1F623-3E31-45A6-80E5-A4A19144CDBC}.Debug|Any CPU.Build.0 = Debug|Any CPU
		{94C1F623-3E31-45A6-80E5-A4A19144CDBC}.Release|Any CPU.ActiveCfg = Release|Any CPU
		{94C1F623-3E31-45A6-80E5-A4A19144CDBC}.Release|Any CPU.Build.0 = Release|Any CPU
		{9DAC02D9-6321-471A-84FC-61AFC002200E}.Debug|Any CPU.ActiveCfg = Debug|Any CPU
		{9DAC02D9-6321-471A-84FC-61AFC002200E}.Debug|Any CPU.Build.0 = Debug|Any CPU
		{9DAC02D9-6321-471A-84FC-61AFC002200E}.Release|Any CPU.ActiveCfg = Release|Any CPU
		{9DAC02D9-6321-471A-84FC-61AFC002200E}.Release|Any CPU.Build.0 = Release|Any CPU
		{FB1FEEBD-9EA5-4E58-8F88-5DBEA7C67325}.Debug|Any CPU.ActiveCfg = Debug|Any CPU
		{FB1FEEBD-9EA5-4E58-8F88-5DBEA7C67325}.Debug|Any CPU.Build.0 = Debug|Any CPU
		{FB1FEEBD-9EA5-4E58-8F88-5DBEA7C67325}.Release|Any CPU.ActiveCfg = Release|Any CPU
		{FB1FEEBD-9EA5-4E58-8F88-5DBEA7C67325}.Release|Any CPU.Build.0 = Release|Any CPU
		{396781A8-F9B6-4081-B24E-939C0D88065F}.Debug|Any CPU.ActiveCfg = Debug|Any CPU
		{396781A8-F9B6-4081-B24E-939C0D88065F}.Debug|Any CPU.Build.0 = Debug|Any CPU
		{396781A8-F9B6-4081-B24E-939C0D88065F}.Release|Any CPU.ActiveCfg = Release|Any CPU
		{396781A8-F9B6-4081-B24E-939C0D88065F}.Release|Any CPU.Build.0 = Release|Any CPU
		{4D2FDEC4-8670-464E-AACA-354C1614993A}.Debug|Any CPU.ActiveCfg = Debug|Any CPU
		{4D2FDEC4-8670-464E-AACA-354C1614993A}.Debug|Any CPU.Build.0 = Debug|Any CPU
		{4D2FDEC4-8670-464E-AACA-354C1614993A}.Release|Any CPU.ActiveCfg = Release|Any CPU
		{4D2FDEC4-8670-464E-AACA-354C1614993A}.Release|Any CPU.Build.0 = Release|Any CPU
		{43995BC8-6620-4706-A760-787EB353700E}.Debug|Any CPU.ActiveCfg = Debug|Any CPU
		{43995BC8-6620-4706-A760-787EB353700E}.Debug|Any CPU.Build.0 = Debug|Any CPU
		{43995BC8-6620-4706-A760-787EB353700E}.Release|Any CPU.ActiveCfg = Release|Any CPU
		{43995BC8-6620-4706-A760-787EB353700E}.Release|Any CPU.Build.0 = Release|Any CPU
		{C7316DF8-B3A6-415A-8011-B17A8A2D4D68}.Debug|Any CPU.ActiveCfg = Debug|Any CPU
		{C7316DF8-B3A6-415A-8011-B17A8A2D4D68}.Debug|Any CPU.Build.0 = Debug|Any CPU
		{C7316DF8-B3A6-415A-8011-B17A8A2D4D68}.Release|Any CPU.ActiveCfg = Release|Any CPU
		{C7316DF8-B3A6-415A-8011-B17A8A2D4D68}.Release|Any CPU.Build.0 = Release|Any CPU
		{52BDAB72-27FA-4948-8CD6-587F83FCE26D}.Debug|Any CPU.ActiveCfg = Debug|Any CPU
		{52BDAB72-27FA-4948-8CD6-587F83FCE26D}.Debug|Any CPU.Build.0 = Debug|Any CPU
		{52BDAB72-27FA-4948-8CD6-587F83FCE26D}.Release|Any CPU.ActiveCfg = Release|Any CPU
		{52BDAB72-27FA-4948-8CD6-587F83FCE26D}.Release|Any CPU.Build.0 = Release|Any CPU
		{A6314DC6-85E1-43EB-81EE-5F223F0568C5}.Debug|Any CPU.ActiveCfg = Debug|Any CPU
		{A6314DC6-85E1-43EB-81EE-5F223F0568C5}.Debug|Any CPU.Build.0 = Debug|Any CPU
		{A6314DC6-85E1-43EB-81EE-5F223F0568C5}.Release|Any CPU.ActiveCfg = Release|Any CPU
		{A6314DC6-85E1-43EB-81EE-5F223F0568C5}.Release|Any CPU.Build.0 = Release|Any CPU
		{6D44E4A5-5D87-49EC-B0C3-D0DFF82DDEFC}.Debug|Any CPU.ActiveCfg = Debug|Any CPU
		{6D44E4A5-5D87-49EC-B0C3-D0DFF82DDEFC}.Debug|Any CPU.Build.0 = Debug|Any CPU
		{6D44E4A5-5D87-49EC-B0C3-D0DFF82DDEFC}.Release|Any CPU.ActiveCfg = Release|Any CPU
		{6D44E4A5-5D87-49EC-B0C3-D0DFF82DDEFC}.Release|Any CPU.Build.0 = Release|Any CPU
		{8AF9F5A2-8789-4EC3-9930-A78CDD4A8E04}.Debug|Any CPU.ActiveCfg = Debug|Any CPU
		{8AF9F5A2-8789-4EC3-9930-A78CDD4A8E04}.Debug|Any CPU.Build.0 = Debug|Any CPU
		{8AF9F5A2-8789-4EC3-9930-A78CDD4A8E04}.Release|Any CPU.ActiveCfg = Release|Any CPU
		{8AF9F5A2-8789-4EC3-9930-A78CDD4A8E04}.Release|Any CPU.Build.0 = Release|Any CPU
		{D8321F2D-6DCE-4968-9817-8B2C62852210}.Debug|Any CPU.ActiveCfg = Debug|Any CPU
		{D8321F2D-6DCE-4968-9817-8B2C62852210}.Debug|Any CPU.Build.0 = Debug|Any CPU
		{D8321F2D-6DCE-4968-9817-8B2C62852210}.Release|Any CPU.ActiveCfg = Release|Any CPU
		{D8321F2D-6DCE-4968-9817-8B2C62852210}.Release|Any CPU.Build.0 = Release|Any CPU
		{08948AB2-FB3E-4592-B739-40EE760ED04A}.Debug|Any CPU.ActiveCfg = Debug|Any CPU
		{08948AB2-FB3E-4592-B739-40EE760ED04A}.Debug|Any CPU.Build.0 = Debug|Any CPU
		{08948AB2-FB3E-4592-B739-40EE760ED04A}.Release|Any CPU.ActiveCfg = Release|Any CPU
		{08948AB2-FB3E-4592-B739-40EE760ED04A}.Release|Any CPU.Build.0 = Release|Any CPU
		{3F0A7B4A-4754-42ED-B8C7-E06DF23EE429}.Debug|Any CPU.ActiveCfg = Debug|Any CPU
		{3F0A7B4A-4754-42ED-B8C7-E06DF23EE429}.Debug|Any CPU.Build.0 = Debug|Any CPU
		{3F0A7B4A-4754-42ED-B8C7-E06DF23EE429}.Release|Any CPU.ActiveCfg = Release|Any CPU
		{3F0A7B4A-4754-42ED-B8C7-E06DF23EE429}.Release|Any CPU.Build.0 = Release|Any CPU
		{2A570396-9846-4C20-8769-6CA6FB1B6945}.Debug|Any CPU.ActiveCfg = Debug|Any CPU
		{2A570396-9846-4C20-8769-6CA6FB1B6945}.Debug|Any CPU.Build.0 = Debug|Any CPU
		{2A570396-9846-4C20-8769-6CA6FB1B6945}.Release|Any CPU.ActiveCfg = Release|Any CPU
		{2A570396-9846-4C20-8769-6CA6FB1B6945}.Release|Any CPU.Build.0 = Release|Any CPU
		{8682644F-0B57-4B34-9C3D-6C6B6B1A8706}.Debug|Any CPU.ActiveCfg = Debug|Any CPU
		{8682644F-0B57-4B34-9C3D-6C6B6B1A8706}.Debug|Any CPU.Build.0 = Debug|Any CPU
		{8682644F-0B57-4B34-9C3D-6C6B6B1A8706}.Release|Any CPU.ActiveCfg = Release|Any CPU
		{8682644F-0B57-4B34-9C3D-6C6B6B1A8706}.Release|Any CPU.Build.0 = Release|Any CPU
		{D8A88FF8-4B71-4213-A387-35D08D591C03}.Debug|Any CPU.ActiveCfg = Debug|Any CPU
		{D8A88FF8-4B71-4213-A387-35D08D591C03}.Debug|Any CPU.Build.0 = Debug|Any CPU
		{D8A88FF8-4B71-4213-A387-35D08D591C03}.Release|Any CPU.ActiveCfg = Release|Any CPU
		{D8A88FF8-4B71-4213-A387-35D08D591C03}.Release|Any CPU.Build.0 = Release|Any CPU
		{190DE304-1018-40AD-8F9C-5CFDECE18290}.Debug|Any CPU.ActiveCfg = Debug|Any CPU
		{190DE304-1018-40AD-8F9C-5CFDECE18290}.Debug|Any CPU.Build.0 = Debug|Any CPU
		{190DE304-1018-40AD-8F9C-5CFDECE18290}.Release|Any CPU.ActiveCfg = Release|Any CPU
		{190DE304-1018-40AD-8F9C-5CFDECE18290}.Release|Any CPU.Build.0 = Release|Any CPU
		{882A5AB4-FAC6-4B4C-9B36-B56E35633947}.Debug|Any CPU.ActiveCfg = Debug|Any CPU
		{882A5AB4-FAC6-4B4C-9B36-B56E35633947}.Debug|Any CPU.Build.0 = Debug|Any CPU
		{882A5AB4-FAC6-4B4C-9B36-B56E35633947}.Release|Any CPU.ActiveCfg = Release|Any CPU
		{882A5AB4-FAC6-4B4C-9B36-B56E35633947}.Release|Any CPU.Build.0 = Release|Any CPU
		{F69F03C1-D7BE-4C69-8CCD-969D8238D5F1}.Debug|Any CPU.ActiveCfg = Debug|Any CPU
		{F69F03C1-D7BE-4C69-8CCD-969D8238D5F1}.Debug|Any CPU.Build.0 = Debug|Any CPU
		{F69F03C1-D7BE-4C69-8CCD-969D8238D5F1}.Release|Any CPU.ActiveCfg = Release|Any CPU
		{F69F03C1-D7BE-4C69-8CCD-969D8238D5F1}.Release|Any CPU.Build.0 = Release|Any CPU
		{EDECDED4-94BC-4FD1-9AA5-A5988FDA1ED3}.Debug|Any CPU.ActiveCfg = Debug|Any CPU
		{EDECDED4-94BC-4FD1-9AA5-A5988FDA1ED3}.Debug|Any CPU.Build.0 = Debug|Any CPU
		{EDECDED4-94BC-4FD1-9AA5-A5988FDA1ED3}.Release|Any CPU.ActiveCfg = Release|Any CPU
		{EDECDED4-94BC-4FD1-9AA5-A5988FDA1ED3}.Release|Any CPU.Build.0 = Release|Any CPU
	EndGlobalSection
	GlobalSection(SolutionProperties) = preSolution
		HideSolutionNode = FALSE
	EndGlobalSection
	GlobalSection(NestedProjects) = preSolution
		{76242564-F8A8-4B23-9F8D-052D29A2670D} = {30B60AD1-8EE1-47F9-9258-D4FBFBE440BA}
		{9771E7F5-0016-45B3-8D7E-C0774DBC3E16} = {30B60AD1-8EE1-47F9-9258-D4FBFBE440BA}
		{EA190048-D532-41C8-80AB-A608D0921CCA} = {F991982F-A72A-415F-8E98-0F88098BA753}
		{4DE3C5CC-DDE7-4DD3-963F-F519B4652492} = {11E522BD-537D-4BB2-A944-7F906E431E89}
		{5017EB56-6A7E-48F1-BBB3-CC262DAE66E9} = {4DE3C5CC-DDE7-4DD3-963F-F519B4652492}
		{A0D2E8F0-8153-415C-AA66-A615538FA989} = {4DE3C5CC-DDE7-4DD3-963F-F519B4652492}
		{6330D9B4-111D-4B34-9490-E36723A4DCBF} = {4DE3C5CC-DDE7-4DD3-963F-F519B4652492}
		{C5717B3A-8949-4EA7-A9E1-336EC4464981} = {4DE3C5CC-DDE7-4DD3-963F-F519B4652492}
		{8DE9690E-B206-443F-B27F-45DE84322500} = {4DE3C5CC-DDE7-4DD3-963F-F519B4652492}
		{75CD6231-BBAA-4F9A-8FFF-645BE80545A3} = {5017EB56-6A7E-48F1-BBB3-CC262DAE66E9}
		{12F2F82F-4AD0-4B87-9F2B-489BF9DBB7AC} = {75CD6231-BBAA-4F9A-8FFF-645BE80545A3}
		{4CDE06FE-7928-4B19-9928-5CC24CDD1C90} = {75CD6231-BBAA-4F9A-8FFF-645BE80545A3}
		{6E3288EB-9C82-4AB3-AA17-02120C3C5C7E} = {6330D9B4-111D-4B34-9490-E36723A4DCBF}
		{4895A448-4314-46DD-854F-4732663FF170} = {6330D9B4-111D-4B34-9490-E36723A4DCBF}
		{0BBF096B-6793-4BB3-96C9-1A4EECE31276} = {C5717B3A-8949-4EA7-A9E1-336EC4464981}
		{1D9372AD-D6D5-40DE-B741-4DAC06E4C842} = {C5717B3A-8949-4EA7-A9E1-336EC4464981}
		{04DD67A4-0812-4859-BF0C-07B0EAB8E325} = {C5717B3A-8949-4EA7-A9E1-336EC4464981}
		{453EA770-6735-43D0-8C7F-203BC1887457} = {8DE9690E-B206-443F-B27F-45DE84322500}
		{157BB214-89CE-4572-852D-C70BAA0408AE} = {8DE9690E-B206-443F-B27F-45DE84322500}
		{CD111ED4-D716-4B53-9C5A-23E857E2A307} = {5017EB56-6A7E-48F1-BBB3-CC262DAE66E9}
		{15C28EA0-F318-4767-8076-CE474CEA0223} = {5017EB56-6A7E-48F1-BBB3-CC262DAE66E9}
		{997917DE-2573-405B-984F-3AA35703DC4C} = {A0D2E8F0-8153-415C-AA66-A615538FA989}
		{94C1F623-3E31-45A6-80E5-A4A19144CDBC} = {A0D2E8F0-8153-415C-AA66-A615538FA989}
		{9DAC02D9-6321-471A-84FC-61AFC002200E} = {9771E7F5-0016-45B3-8D7E-C0774DBC3E16}
		{FB1FEEBD-9EA5-4E58-8F88-5DBEA7C67325} = {6330D9B4-111D-4B34-9490-E36723A4DCBF}
		{396781A8-F9B6-4081-B24E-939C0D88065F} = {F991982F-A72A-415F-8E98-0F88098BA753}
		{4D2FDEC4-8670-464E-AACA-354C1614993A} = {76242564-F8A8-4B23-9F8D-052D29A2670D}
		{43995BC8-6620-4706-A760-787EB353700E} = {76242564-F8A8-4B23-9F8D-052D29A2670D}
		{C7316DF8-B3A6-415A-8011-B17A8A2D4D68} = {76242564-F8A8-4B23-9F8D-052D29A2670D}
		{52BDAB72-27FA-4948-8CD6-587F83FCE26D} = {F991982F-A72A-415F-8E98-0F88098BA753}
		{D16C557B-51C6-46EA-9105-8E58B5D29F74} = {11E522BD-537D-4BB2-A944-7F906E431E89}
		{F151EBE7-BF08-44C9-B787-52FB860EF958} = {D16C557B-51C6-46EA-9105-8E58B5D29F74}
		{A6314DC6-85E1-43EB-81EE-5F223F0568C5} = {F151EBE7-BF08-44C9-B787-52FB860EF958}
		{766DDBC3-9C50-41DA-B2FE-E6CF0EE41E1C} = {D16C557B-51C6-46EA-9105-8E58B5D29F74}
		{6D44E4A5-5D87-49EC-B0C3-D0DFF82DDEFC} = {766DDBC3-9C50-41DA-B2FE-E6CF0EE41E1C}
		{5A88886E-06D6-4C84-BD8E-3937620AEC2B} = {D16C557B-51C6-46EA-9105-8E58B5D29F74}
		{8AF9F5A2-8789-4EC3-9930-A78CDD4A8E04} = {5A88886E-06D6-4C84-BD8E-3937620AEC2B}
		{D8321F2D-6DCE-4968-9817-8B2C62852210} = {5A88886E-06D6-4C84-BD8E-3937620AEC2B}
		{11597623-E912-470E-904A-6B27A3157875} = {D16C557B-51C6-46EA-9105-8E58B5D29F74}
		{6AB3E125-AB99-4A6A-9F2F-8B8F8E993570} = {11597623-E912-470E-904A-6B27A3157875}
		{08948AB2-FB3E-4592-B739-40EE760ED04A} = {6AB3E125-AB99-4A6A-9F2F-8B8F8E993570}
		{3F0A7B4A-4754-42ED-B8C7-E06DF23EE429} = {6AB3E125-AB99-4A6A-9F2F-8B8F8E993570}
		{2A570396-9846-4C20-8769-6CA6FB1B6945} = {766DDBC3-9C50-41DA-B2FE-E6CF0EE41E1C}
		{8682644F-0B57-4B34-9C3D-6C6B6B1A8706} = {766DDBC3-9C50-41DA-B2FE-E6CF0EE41E1C}
		{D8A88FF8-4B71-4213-A387-35D08D591C03} = {11597623-E912-470E-904A-6B27A3157875}
		{190DE304-1018-40AD-8F9C-5CFDECE18290} = {11597623-E912-470E-904A-6B27A3157875}
		{C8E1F0D2-D5FB-4A0E-920A-93BC6389986F} = {D16C557B-51C6-46EA-9105-8E58B5D29F74}
		{882A5AB4-FAC6-4B4C-9B36-B56E35633947} = {C8E1F0D2-D5FB-4A0E-920A-93BC6389986F}
		{F69F03C1-D7BE-4C69-8CCD-969D8238D5F1} = {C8E1F0D2-D5FB-4A0E-920A-93BC6389986F}
		{EDECDED4-94BC-4FD1-9AA5-A5988FDA1ED3} = {F151EBE7-BF08-44C9-B787-52FB860EF958}
	EndGlobalSection
	GlobalSection(ExtensibilityGlobals) = postSolution
		SolutionGuid = {E71EE7CE-C126-4420-BE46-C80ACE2FF892}
	EndGlobalSection
EndGlobal
