
Microsoft Visual Studio Solution File, Format Version 12.00
# Visual Studio Version 17
VisualStudioVersion = 17.0.32112.339
MinimumVisualStudioVersion = 10.0.40219.1
Project("{2150E333-8FDC-42A3-9474-1A3956D46DE8}") = "Modules", "Modules", "{1D612000-68BC-42A9-83C9-55407A335CD2}"
EndProject
Project("{2150E333-8FDC-42A3-9474-1A3956D46DE8}") = "Sys", "Sys", "{EE0C3602-A616-4231-A736-BC28CEE75BCA}"
EndProject
Project("{2150E333-8FDC-42A3-9474-1A3956D46DE8}") = "Libraries", "Libraries", "{55067192-AE89-4F01-BD4E-D32032512397}"
EndProject
Project("{9A19103F-16F7-4668-BE54-9A1E7A4F7556}") = "EZNEWApp.Module.Sys", "Modules\Sys\Libraries\EZNEWApp.Module.Sys\EZNEWApp.Module.Sys.csproj", "{C7252867-00B3-4020-9761-7072D66CB46F}"
EndProject
Project("{2150E333-8FDC-42A3-9474-1A3956D46DE8}") = "Business", "Business", "{AAF8388C-8C44-4012-A4F5-E0B4E6485EB0}"
EndProject
Project("{9A19103F-16F7-4668-BE54-9A1E7A4F7556}") = "EZNEWApp.BusinessContract.Sys", "Modules\Sys\Business\EZNEWApp.BusinessContract.Sys\EZNEWApp.BusinessContract.Sys.csproj", "{517B3E1A-1506-41A9-9E99-96A8231C02D1}"
EndProject
Project("{9A19103F-16F7-4668-BE54-9A1E7A4F7556}") = "EZNEWApp.Business.Sys", "Modules\Sys\Business\EZNEWApp.Business.Sys\EZNEWApp.Business.Sys.csproj", "{C35768E4-1545-4B9D-9CBA-0832AF5C0D31}"
EndProject
Project("{9A19103F-16F7-4668-BE54-9A1E7A4F7556}") = "EZNEWApp.ModuleConfig.Sys", "Modules\Sys\Libraries\EZNEWApp.ModuleConfig.Sys\EZNEWApp.ModuleConfig.Sys.csproj", "{F05FFE7E-7A98-4297-9965-6DBDE404B146}"
EndProject
Project("{2150E333-8FDC-42A3-9474-1A3956D46DE8}") = "Application", "Application", "{F60B56E6-5CC1-4400-81AA-51D14F33C794}"
EndProject
Project("{9A19103F-16F7-4668-BE54-9A1E7A4F7556}") = "App.CodeBuilder", "Application\App.CodeBuilder\App.CodeBuilder.csproj", "{40436EF7-D6A2-44D9-8F38-DE04603D524E}"
EndProject
Project("{9A19103F-16F7-4668-BE54-9A1E7A4F7556}") = "App.EntityMigration", "Application\App.EntityMigration\App.EntityMigration.csproj", "{2A30F23E-D9A1-4363-8B53-CA8E8797F079}"
EndProject
Project("{2150E333-8FDC-42A3-9474-1A3956D46DE8}") = "Infrastructure", "Infrastructure", "{8FEFCD0D-83B5-4292-8488-132B59824208}"
EndProject
Project("{9A19103F-16F7-4668-BE54-9A1E7A4F7556}") = "AppConfig", "Infrastructure\AppConfig\AppConfig.csproj", "{F3F87A41-7851-4C50-8ABF-BD0E8B190128}"
EndProject
Project("{2150E333-8FDC-42A3-9474-1A3956D46DE8}") = "Domain", "Domain", "{03BAC005-D617-478A-8AC5-160852D7376E}"
EndProject
Project("{9A19103F-16F7-4668-BE54-9A1E7A4F7556}") = "EZNEWApp.Domain.Sys", "Modules\Sys\Domain\EZNEWApp.Domain.Sys\EZNEWApp.Domain.Sys.csproj", "{19D824F4-F5AD-4A15-BBF7-F6A7681746DA}"
EndProject
Project("{2150E333-8FDC-42A3-9474-1A3956D46DE8}") = "AppService", "AppService", "{7D6E8D79-B166-4082-BCFF-5476C73414F6}"
EndProject
Project("{9A19103F-16F7-4668-BE54-9A1E7A4F7556}") = "EZNEWApp.AppServiceContract.Sys", "Modules\Sys\AppService\EZNEWApp.AppServiceContract.Sys\EZNEWApp.AppServiceContract.Sys.csproj", "{D2C3F966-F784-485E-933C-B9FFFEC8DC0E}"
EndProject
Project("{9A19103F-16F7-4668-BE54-9A1E7A4F7556}") = "EZNEWApp.AppService.Sys", "Modules\Sys\AppService\EZNEWApp.AppService.Sys\EZNEWApp.AppService.Sys.csproj", "{5B8B2F03-C2E9-4B3D-A698-0E5376F73D0F}"
EndProject
Project("{9A19103F-16F7-4668-BE54-9A1E7A4F7556}") = "Api.Console", "Application\Api.Console\Api.Console.csproj", "{A9128E9B-FEA1-4694-AC71-5E8E7F60D7B3}"
EndProject
Global
	GlobalSection(SolutionConfigurationPlatforms) = preSolution
		Debug|Any CPU = Debug|Any CPU
		Debug|x64 = Debug|x64
		Debug|x86 = Debug|x86
		Release|Any CPU = Release|Any CPU
		Release|x64 = Release|x64
		Release|x86 = Release|x86
	EndGlobalSection
	GlobalSection(ProjectConfigurationPlatforms) = postSolution
		{C7252867-00B3-4020-9761-7072D66CB46F}.Debug|Any CPU.ActiveCfg = Debug|Any CPU
		{C7252867-00B3-4020-9761-7072D66CB46F}.Debug|Any CPU.Build.0 = Debug|Any CPU
		{C7252867-00B3-4020-9761-7072D66CB46F}.Debug|x64.ActiveCfg = Debug|Any CPU
		{C7252867-00B3-4020-9761-7072D66CB46F}.Debug|x64.Build.0 = Debug|Any CPU
		{C7252867-00B3-4020-9761-7072D66CB46F}.Debug|x86.ActiveCfg = Debug|Any CPU
		{C7252867-00B3-4020-9761-7072D66CB46F}.Debug|x86.Build.0 = Debug|Any CPU
		{C7252867-00B3-4020-9761-7072D66CB46F}.Release|Any CPU.ActiveCfg = Release|Any CPU
		{C7252867-00B3-4020-9761-7072D66CB46F}.Release|Any CPU.Build.0 = Release|Any CPU
		{C7252867-00B3-4020-9761-7072D66CB46F}.Release|x64.ActiveCfg = Release|Any CPU
		{C7252867-00B3-4020-9761-7072D66CB46F}.Release|x64.Build.0 = Release|Any CPU
		{C7252867-00B3-4020-9761-7072D66CB46F}.Release|x86.ActiveCfg = Release|Any CPU
		{C7252867-00B3-4020-9761-7072D66CB46F}.Release|x86.Build.0 = Release|Any CPU
		{517B3E1A-1506-41A9-9E99-96A8231C02D1}.Debug|Any CPU.ActiveCfg = Debug|Any CPU
		{517B3E1A-1506-41A9-9E99-96A8231C02D1}.Debug|Any CPU.Build.0 = Debug|Any CPU
		{517B3E1A-1506-41A9-9E99-96A8231C02D1}.Debug|x64.ActiveCfg = Debug|Any CPU
		{517B3E1A-1506-41A9-9E99-96A8231C02D1}.Debug|x64.Build.0 = Debug|Any CPU
		{517B3E1A-1506-41A9-9E99-96A8231C02D1}.Debug|x86.ActiveCfg = Debug|Any CPU
		{517B3E1A-1506-41A9-9E99-96A8231C02D1}.Debug|x86.Build.0 = Debug|Any CPU
		{517B3E1A-1506-41A9-9E99-96A8231C02D1}.Release|Any CPU.ActiveCfg = Release|Any CPU
		{517B3E1A-1506-41A9-9E99-96A8231C02D1}.Release|Any CPU.Build.0 = Release|Any CPU
		{517B3E1A-1506-41A9-9E99-96A8231C02D1}.Release|x64.ActiveCfg = Release|Any CPU
		{517B3E1A-1506-41A9-9E99-96A8231C02D1}.Release|x64.Build.0 = Release|Any CPU
		{517B3E1A-1506-41A9-9E99-96A8231C02D1}.Release|x86.ActiveCfg = Release|Any CPU
		{517B3E1A-1506-41A9-9E99-96A8231C02D1}.Release|x86.Build.0 = Release|Any CPU
		{C35768E4-1545-4B9D-9CBA-0832AF5C0D31}.Debug|Any CPU.ActiveCfg = Debug|Any CPU
		{C35768E4-1545-4B9D-9CBA-0832AF5C0D31}.Debug|Any CPU.Build.0 = Debug|Any CPU
		{C35768E4-1545-4B9D-9CBA-0832AF5C0D31}.Debug|x64.ActiveCfg = Debug|Any CPU
		{C35768E4-1545-4B9D-9CBA-0832AF5C0D31}.Debug|x64.Build.0 = Debug|Any CPU
		{C35768E4-1545-4B9D-9CBA-0832AF5C0D31}.Debug|x86.ActiveCfg = Debug|Any CPU
		{C35768E4-1545-4B9D-9CBA-0832AF5C0D31}.Debug|x86.Build.0 = Debug|Any CPU
		{C35768E4-1545-4B9D-9CBA-0832AF5C0D31}.Release|Any CPU.ActiveCfg = Release|Any CPU
		{C35768E4-1545-4B9D-9CBA-0832AF5C0D31}.Release|Any CPU.Build.0 = Release|Any CPU
		{C35768E4-1545-4B9D-9CBA-0832AF5C0D31}.Release|x64.ActiveCfg = Release|Any CPU
		{C35768E4-1545-4B9D-9CBA-0832AF5C0D31}.Release|x64.Build.0 = Release|Any CPU
		{C35768E4-1545-4B9D-9CBA-0832AF5C0D31}.Release|x86.ActiveCfg = Release|Any CPU
		{C35768E4-1545-4B9D-9CBA-0832AF5C0D31}.Release|x86.Build.0 = Release|Any CPU
		{F05FFE7E-7A98-4297-9965-6DBDE404B146}.Debug|Any CPU.ActiveCfg = Debug|Any CPU
		{F05FFE7E-7A98-4297-9965-6DBDE404B146}.Debug|Any CPU.Build.0 = Debug|Any CPU
		{F05FFE7E-7A98-4297-9965-6DBDE404B146}.Debug|x64.ActiveCfg = Debug|Any CPU
		{F05FFE7E-7A98-4297-9965-6DBDE404B146}.Debug|x64.Build.0 = Debug|Any CPU
		{F05FFE7E-7A98-4297-9965-6DBDE404B146}.Debug|x86.ActiveCfg = Debug|Any CPU
		{F05FFE7E-7A98-4297-9965-6DBDE404B146}.Debug|x86.Build.0 = Debug|Any CPU
		{F05FFE7E-7A98-4297-9965-6DBDE404B146}.Release|Any CPU.ActiveCfg = Release|Any CPU
		{F05FFE7E-7A98-4297-9965-6DBDE404B146}.Release|Any CPU.Build.0 = Release|Any CPU
		{F05FFE7E-7A98-4297-9965-6DBDE404B146}.Release|x64.ActiveCfg = Release|Any CPU
		{F05FFE7E-7A98-4297-9965-6DBDE404B146}.Release|x64.Build.0 = Release|Any CPU
		{F05FFE7E-7A98-4297-9965-6DBDE404B146}.Release|x86.ActiveCfg = Release|Any CPU
		{F05FFE7E-7A98-4297-9965-6DBDE404B146}.Release|x86.Build.0 = Release|Any CPU
		{40436EF7-D6A2-44D9-8F38-DE04603D524E}.Debug|Any CPU.ActiveCfg = Debug|Any CPU
		{40436EF7-D6A2-44D9-8F38-DE04603D524E}.Debug|Any CPU.Build.0 = Debug|Any CPU
		{40436EF7-D6A2-44D9-8F38-DE04603D524E}.Debug|x64.ActiveCfg = Debug|Any CPU
		{40436EF7-D6A2-44D9-8F38-DE04603D524E}.Debug|x64.Build.0 = Debug|Any CPU
		{40436EF7-D6A2-44D9-8F38-DE04603D524E}.Debug|x86.ActiveCfg = Debug|Any CPU
		{40436EF7-D6A2-44D9-8F38-DE04603D524E}.Debug|x86.Build.0 = Debug|Any CPU
		{40436EF7-D6A2-44D9-8F38-DE04603D524E}.Release|Any CPU.ActiveCfg = Release|Any CPU
		{40436EF7-D6A2-44D9-8F38-DE04603D524E}.Release|Any CPU.Build.0 = Release|Any CPU
		{40436EF7-D6A2-44D9-8F38-DE04603D524E}.Release|x64.ActiveCfg = Release|Any CPU
		{40436EF7-D6A2-44D9-8F38-DE04603D524E}.Release|x64.Build.0 = Release|Any CPU
		{40436EF7-D6A2-44D9-8F38-DE04603D524E}.Release|x86.ActiveCfg = Release|Any CPU
		{40436EF7-D6A2-44D9-8F38-DE04603D524E}.Release|x86.Build.0 = Release|Any CPU
		{2A30F23E-D9A1-4363-8B53-CA8E8797F079}.Debug|Any CPU.ActiveCfg = Debug|Any CPU
		{2A30F23E-D9A1-4363-8B53-CA8E8797F079}.Debug|Any CPU.Build.0 = Debug|Any CPU
		{2A30F23E-D9A1-4363-8B53-CA8E8797F079}.Debug|x64.ActiveCfg = Debug|Any CPU
		{2A30F23E-D9A1-4363-8B53-CA8E8797F079}.Debug|x64.Build.0 = Debug|Any CPU
		{2A30F23E-D9A1-4363-8B53-CA8E8797F079}.Debug|x86.ActiveCfg = Debug|Any CPU
		{2A30F23E-D9A1-4363-8B53-CA8E8797F079}.Debug|x86.Build.0 = Debug|Any CPU
		{2A30F23E-D9A1-4363-8B53-CA8E8797F079}.Release|Any CPU.ActiveCfg = Release|Any CPU
		{2A30F23E-D9A1-4363-8B53-CA8E8797F079}.Release|Any CPU.Build.0 = Release|Any CPU
		{2A30F23E-D9A1-4363-8B53-CA8E8797F079}.Release|x64.ActiveCfg = Release|Any CPU
		{2A30F23E-D9A1-4363-8B53-CA8E8797F079}.Release|x64.Build.0 = Release|Any CPU
		{2A30F23E-D9A1-4363-8B53-CA8E8797F079}.Release|x86.ActiveCfg = Release|Any CPU
		{2A30F23E-D9A1-4363-8B53-CA8E8797F079}.Release|x86.Build.0 = Release|Any CPU
		{F3F87A41-7851-4C50-8ABF-BD0E8B190128}.Debug|Any CPU.ActiveCfg = Debug|Any CPU
		{F3F87A41-7851-4C50-8ABF-BD0E8B190128}.Debug|Any CPU.Build.0 = Debug|Any CPU
		{F3F87A41-7851-4C50-8ABF-BD0E8B190128}.Debug|x64.ActiveCfg = Debug|Any CPU
		{F3F87A41-7851-4C50-8ABF-BD0E8B190128}.Debug|x64.Build.0 = Debug|Any CPU
		{F3F87A41-7851-4C50-8ABF-BD0E8B190128}.Debug|x86.ActiveCfg = Debug|Any CPU
		{F3F87A41-7851-4C50-8ABF-BD0E8B190128}.Debug|x86.Build.0 = Debug|Any CPU
		{F3F87A41-7851-4C50-8ABF-BD0E8B190128}.Release|Any CPU.ActiveCfg = Release|Any CPU
		{F3F87A41-7851-4C50-8ABF-BD0E8B190128}.Release|Any CPU.Build.0 = Release|Any CPU
		{F3F87A41-7851-4C50-8ABF-BD0E8B190128}.Release|x64.ActiveCfg = Release|Any CPU
		{F3F87A41-7851-4C50-8ABF-BD0E8B190128}.Release|x64.Build.0 = Release|Any CPU
		{F3F87A41-7851-4C50-8ABF-BD0E8B190128}.Release|x86.ActiveCfg = Release|Any CPU
		{F3F87A41-7851-4C50-8ABF-BD0E8B190128}.Release|x86.Build.0 = Release|Any CPU
		{19D824F4-F5AD-4A15-BBF7-F6A7681746DA}.Debug|Any CPU.ActiveCfg = Debug|Any CPU
		{19D824F4-F5AD-4A15-BBF7-F6A7681746DA}.Debug|Any CPU.Build.0 = Debug|Any CPU
		{19D824F4-F5AD-4A15-BBF7-F6A7681746DA}.Debug|x64.ActiveCfg = Debug|Any CPU
		{19D824F4-F5AD-4A15-BBF7-F6A7681746DA}.Debug|x64.Build.0 = Debug|Any CPU
		{19D824F4-F5AD-4A15-BBF7-F6A7681746DA}.Debug|x86.ActiveCfg = Debug|Any CPU
		{19D824F4-F5AD-4A15-BBF7-F6A7681746DA}.Debug|x86.Build.0 = Debug|Any CPU
		{19D824F4-F5AD-4A15-BBF7-F6A7681746DA}.Release|Any CPU.ActiveCfg = Release|Any CPU
		{19D824F4-F5AD-4A15-BBF7-F6A7681746DA}.Release|Any CPU.Build.0 = Release|Any CPU
		{19D824F4-F5AD-4A15-BBF7-F6A7681746DA}.Release|x64.ActiveCfg = Release|Any CPU
		{19D824F4-F5AD-4A15-BBF7-F6A7681746DA}.Release|x64.Build.0 = Release|Any CPU
		{19D824F4-F5AD-4A15-BBF7-F6A7681746DA}.Release|x86.ActiveCfg = Release|Any CPU
		{19D824F4-F5AD-4A15-BBF7-F6A7681746DA}.Release|x86.Build.0 = Release|Any CPU
		{D2C3F966-F784-485E-933C-B9FFFEC8DC0E}.Debug|Any CPU.ActiveCfg = Debug|Any CPU
		{D2C3F966-F784-485E-933C-B9FFFEC8DC0E}.Debug|Any CPU.Build.0 = Debug|Any CPU
		{D2C3F966-F784-485E-933C-B9FFFEC8DC0E}.Debug|x64.ActiveCfg = Debug|Any CPU
		{D2C3F966-F784-485E-933C-B9FFFEC8DC0E}.Debug|x64.Build.0 = Debug|Any CPU
		{D2C3F966-F784-485E-933C-B9FFFEC8DC0E}.Debug|x86.ActiveCfg = Debug|Any CPU
		{D2C3F966-F784-485E-933C-B9FFFEC8DC0E}.Debug|x86.Build.0 = Debug|Any CPU
		{D2C3F966-F784-485E-933C-B9FFFEC8DC0E}.Release|Any CPU.ActiveCfg = Release|Any CPU
		{D2C3F966-F784-485E-933C-B9FFFEC8DC0E}.Release|Any CPU.Build.0 = Release|Any CPU
		{D2C3F966-F784-485E-933C-B9FFFEC8DC0E}.Release|x64.ActiveCfg = Release|Any CPU
		{D2C3F966-F784-485E-933C-B9FFFEC8DC0E}.Release|x64.Build.0 = Release|Any CPU
		{D2C3F966-F784-485E-933C-B9FFFEC8DC0E}.Release|x86.ActiveCfg = Release|Any CPU
		{D2C3F966-F784-485E-933C-B9FFFEC8DC0E}.Release|x86.Build.0 = Release|Any CPU
		{5B8B2F03-C2E9-4B3D-A698-0E5376F73D0F}.Debug|Any CPU.ActiveCfg = Debug|Any CPU
		{5B8B2F03-C2E9-4B3D-A698-0E5376F73D0F}.Debug|Any CPU.Build.0 = Debug|Any CPU
		{5B8B2F03-C2E9-4B3D-A698-0E5376F73D0F}.Debug|x64.ActiveCfg = Debug|Any CPU
		{5B8B2F03-C2E9-4B3D-A698-0E5376F73D0F}.Debug|x64.Build.0 = Debug|Any CPU
		{5B8B2F03-C2E9-4B3D-A698-0E5376F73D0F}.Debug|x86.ActiveCfg = Debug|Any CPU
		{5B8B2F03-C2E9-4B3D-A698-0E5376F73D0F}.Debug|x86.Build.0 = Debug|Any CPU
		{5B8B2F03-C2E9-4B3D-A698-0E5376F73D0F}.Release|Any CPU.ActiveCfg = Release|Any CPU
		{5B8B2F03-C2E9-4B3D-A698-0E5376F73D0F}.Release|Any CPU.Build.0 = Release|Any CPU
		{5B8B2F03-C2E9-4B3D-A698-0E5376F73D0F}.Release|x64.ActiveCfg = Release|Any CPU
		{5B8B2F03-C2E9-4B3D-A698-0E5376F73D0F}.Release|x64.Build.0 = Release|Any CPU
		{5B8B2F03-C2E9-4B3D-A698-0E5376F73D0F}.Release|x86.ActiveCfg = Release|Any CPU
		{5B8B2F03-C2E9-4B3D-A698-0E5376F73D0F}.Release|x86.Build.0 = Release|Any CPU
		{A9128E9B-FEA1-4694-AC71-5E8E7F60D7B3}.Debug|Any CPU.ActiveCfg = Debug|Any CPU
		{A9128E9B-FEA1-4694-AC71-5E8E7F60D7B3}.Debug|Any CPU.Build.0 = Debug|Any CPU
		{A9128E9B-FEA1-4694-AC71-5E8E7F60D7B3}.Debug|x64.ActiveCfg = Debug|Any CPU
		{A9128E9B-FEA1-4694-AC71-5E8E7F60D7B3}.Debug|x64.Build.0 = Debug|Any CPU
		{A9128E9B-FEA1-4694-AC71-5E8E7F60D7B3}.Debug|x86.ActiveCfg = Debug|Any CPU
		{A9128E9B-FEA1-4694-AC71-5E8E7F60D7B3}.Debug|x86.Build.0 = Debug|Any CPU
		{A9128E9B-FEA1-4694-AC71-5E8E7F60D7B3}.Release|Any CPU.ActiveCfg = Release|Any CPU
		{A9128E9B-FEA1-4694-AC71-5E8E7F60D7B3}.Release|Any CPU.Build.0 = Release|Any CPU
		{A9128E9B-FEA1-4694-AC71-5E8E7F60D7B3}.Release|x64.ActiveCfg = Release|Any CPU
		{A9128E9B-FEA1-4694-AC71-5E8E7F60D7B3}.Release|x64.Build.0 = Release|Any CPU
		{A9128E9B-FEA1-4694-AC71-5E8E7F60D7B3}.Release|x86.ActiveCfg = Release|Any CPU
		{A9128E9B-FEA1-4694-AC71-5E8E7F60D7B3}.Release|x86.Build.0 = Release|Any CPU
	EndGlobalSection
	GlobalSection(SolutionProperties) = preSolution
		HideSolutionNode = FALSE
	EndGlobalSection
	GlobalSection(NestedProjects) = preSolution
		{EE0C3602-A616-4231-A736-BC28CEE75BCA} = {1D612000-68BC-42A9-83C9-55407A335CD2}
		{55067192-AE89-4F01-BD4E-D32032512397} = {EE0C3602-A616-4231-A736-BC28CEE75BCA}
		{C7252867-00B3-4020-9761-7072D66CB46F} = {55067192-AE89-4F01-BD4E-D32032512397}
		{AAF8388C-8C44-4012-A4F5-E0B4E6485EB0} = {EE0C3602-A616-4231-A736-BC28CEE75BCA}
		{517B3E1A-1506-41A9-9E99-96A8231C02D1} = {AAF8388C-8C44-4012-A4F5-E0B4E6485EB0}
		{C35768E4-1545-4B9D-9CBA-0832AF5C0D31} = {AAF8388C-8C44-4012-A4F5-E0B4E6485EB0}
		{F05FFE7E-7A98-4297-9965-6DBDE404B146} = {55067192-AE89-4F01-BD4E-D32032512397}
		{40436EF7-D6A2-44D9-8F38-DE04603D524E} = {F60B56E6-5CC1-4400-81AA-51D14F33C794}
		{2A30F23E-D9A1-4363-8B53-CA8E8797F079} = {F60B56E6-5CC1-4400-81AA-51D14F33C794}
		{F3F87A41-7851-4C50-8ABF-BD0E8B190128} = {8FEFCD0D-83B5-4292-8488-132B59824208}
		{03BAC005-D617-478A-8AC5-160852D7376E} = {EE0C3602-A616-4231-A736-BC28CEE75BCA}
		{19D824F4-F5AD-4A15-BBF7-F6A7681746DA} = {03BAC005-D617-478A-8AC5-160852D7376E}
		{7D6E8D79-B166-4082-BCFF-5476C73414F6} = {EE0C3602-A616-4231-A736-BC28CEE75BCA}
		{D2C3F966-F784-485E-933C-B9FFFEC8DC0E} = {7D6E8D79-B166-4082-BCFF-5476C73414F6}
		{5B8B2F03-C2E9-4B3D-A698-0E5376F73D0F} = {7D6E8D79-B166-4082-BCFF-5476C73414F6}
		{A9128E9B-FEA1-4694-AC71-5E8E7F60D7B3} = {F60B56E6-5CC1-4400-81AA-51D14F33C794}
	EndGlobalSection
	GlobalSection(ExtensibilityGlobals) = postSolution
		SolutionGuid = {988EC9F5-978A-4E8A-8C03-7C8C8DA2A562}
	EndGlobalSection
EndGlobal
